
Microsoft Visual Studio Solution File, Format Version 12.00
# Visual Studio Version 16
VisualStudioVersion = 16.0.29411.108
MinimumVisualStudioVersion = 10.0.40219.1
Project("{9A19103F-16F7-4668-BE54-9A1E7A4F7556}") = "TecniCAD.ProjectManagerPortal", "TecniCAD.ProjectManagerPortal\TecniCAD.ProjectManagerPortal.csproj", "{CA98EBE7-6AA3-4E35-A696-36698902EAB4}"
EndProject
Project("{9A19103F-16F7-4668-BE54-9A1E7A4F7556}") = "TecniCAD.Models", "..\TecniCAD.ProjectManager\TecniCAD.Models\TecniCAD.Models.csproj", "{B8ACEF38-9A92-447F-ABE0-D170014EA96F}"
EndProject
Project("{FAE04EC0-301F-11D3-BF4B-00C04F79EFBC}") = "TecniCAD.Utils", "TecniCAD.Utils\TecniCAD.Utils.csproj", "{1A021EDA-7865-4BAC-AD8E-A63993F7C281}"
EndProject
Global
	GlobalSection(SolutionConfigurationPlatforms) = preSolution
		Debug|Any CPU = Debug|Any CPU
		Release|Any CPU = Release|Any CPU
	EndGlobalSection
	GlobalSection(ProjectConfigurationPlatforms) = postSolution
		{CA98EBE7-6AA3-4E35-A696-36698902EAB4}.Debug|Any CPU.ActiveCfg = Debug|Any CPU
		{CA98EBE7-6AA3-4E35-A696-36698902EAB4}.Debug|Any CPU.Build.0 = Debug|Any CPU
		{CA98EBE7-6AA3-4E35-A696-36698902EAB4}.Release|Any CPU.ActiveCfg = Release|Any CPU
		{CA98EBE7-6AA3-4E35-A696-36698902EAB4}.Release|Any CPU.Build.0 = Release|Any CPU
		{B8ACEF38-9A92-447F-ABE0-D170014EA96F}.Debug|Any CPU.ActiveCfg = Debug|Any CPU
		{B8ACEF38-9A92-447F-ABE0-D170014EA96F}.Debug|Any CPU.Build.0 = Debug|Any CPU
		{B8ACEF38-9A92-447F-ABE0-D170014EA96F}.Release|Any CPU.ActiveCfg = Release|Any CPU
		{B8ACEF38-9A92-447F-ABE0-D170014EA96F}.Release|Any CPU.Build.0 = Release|Any CPU
		{1A021EDA-7865-4BAC-AD8E-A63993F7C281}.Debug|Any CPU.ActiveCfg = Debug|Any CPU
		{1A021EDA-7865-4BAC-AD8E-A63993F7C281}.Debug|Any CPU.Build.0 = Debug|Any CPU
		{1A021EDA-7865-4BAC-AD8E-A63993F7C281}.Release|Any CPU.ActiveCfg = Release|Any CPU
		{1A021EDA-7865-4BAC-AD8E-A63993F7C281}.Release|Any CPU.Build.0 = Release|Any CPU
	EndGlobalSection
	GlobalSection(SolutionProperties) = preSolution
		HideSolutionNode = FALSE
	EndGlobalSection
	GlobalSection(ExtensibilityGlobals) = postSolution
		SolutionGuid = {B3ACFFB5-2260-4258-A84C-807E47581015}
	EndGlobalSection
EndGlobal
